schema: '2.0'
stages:
  prepare:
    cmd: python prepare.py
    outs:
    - path: data/iris.csv
      hash: md5
      md5: 21d441a28bce4417276097df955afc50
      size: 2928
  train:
    cmd: python train.py
    deps:
    - path: data/iris.csv
      hash: md5
      md5: 21d441a28bce4417276097df955afc50
      size: 2928
    - path: train.py
      hash: md5
      md5: 28f4c66a26336a1534c2091f5ec80e98
      size: 1108
    params:
      params.yaml:
        split.test_size: 0.3
        train.n_estimators: 180
        train.random_state: 42
    outs:
    - path: metrics/eval.json
      hash: md5
      md5: 9a0379eaa11dd7b9e9995a62a5f21656
      size: 17
    - path: model/model.pkl
      hash: md5
      md5: b55f6d0c3680afb97262b7994ff40ce4
      size: 334785
